// !$*UTF8*$!
{
	archiveVersion = 1;
	classes = {
	};
	objectVersion = 56;
	objects = {

/* Begin PBXBuildFile section */
		DF0F6D8229523721006365A3 /* GameOverViewController.swift in Sources */ = {isa = PBXBuildFile; fileRef = DF0F6D8129523721006365A3 /* GameOverViewController.swift */; };
		DF2309342946437D0084F1B1 /* AppDelegate.swift in Sources */ = {isa = PBXBuildFile; fileRef = DF2309332946437D0084F1B1 /* AppDelegate.swift */; };
		DF2309362946437D0084F1B1 /* SceneDelegate.swift in Sources */ = {isa = PBXBuildFile; fileRef = DF2309352946437D0084F1B1 /* SceneDelegate.swift */; };
		DF23093B2946437D0084F1B1 /* Main.storyboard in Resources */ = {isa = PBXBuildFile; fileRef = DF2309392946437D0084F1B1 /* Main.storyboard */; };
		DF23093D2946437D0084F1B1 /* Assets.xcassets in Resources */ = {isa = PBXBuildFile; fileRef = DF23093C2946437D0084F1B1 /* Assets.xcassets */; };
		DF2309402946437D0084F1B1 /* LaunchScreen.storyboard in Resources */ = {isa = PBXBuildFile; fileRef = DF23093E2946437D0084F1B1 /* LaunchScreen.storyboard */; };
		DF23094C294663B40084F1B1 /* BoardController.swift in Sources */ = {isa = PBXBuildFile; fileRef = DF23094B294663B40084F1B1 /* BoardController.swift */; };
		DF23094E29466BDE0084F1B1 /* Field.swift in Sources */ = {isa = PBXBuildFile; fileRef = DF23094D29466BDE0084F1B1 /* Field.swift */; };
		DF2309552946712F0084F1B1 /* Game.swift in Sources */ = {isa = PBXBuildFile; fileRef = DF2309542946712F0084F1B1 /* Game.swift */; };
		DF2309572946760C0084F1B1 /* Position.swift in Sources */ = {isa = PBXBuildFile; fileRef = DF2309562946760C0084F1B1 /* Position.swift */; };
		DF23095A2947A1D30084F1B1 /* SquareBoard.swift in Sources */ = {isa = PBXBuildFile; fileRef = DF2309592947A1D30084F1B1 /* SquareBoard.swift */; };
		DF23095E2947A9F20084F1B1 /* Game2048Board.swift in Sources */ = {isa = PBXBuildFile; fileRef = DF23095D2947A9F20084F1B1 /* Game2048Board.swift */; };
		DF230960294A2C8D0084F1B1 /* Direction.swift in Sources */ = {isa = PBXBuildFile; fileRef = DF23095F294A2C8D0084F1B1 /* Direction.swift */; };
		DF230962294F71170084F1B1 /* GameError.swift in Sources */ = {isa = PBXBuildFile; fileRef = DF230961294F71170084F1B1 /* GameError.swift */; };
/* End PBXBuildFile section */

/* Begin PBXFileReference section */
		DF0F6D8129523721006365A3 /* GameOverViewController.swift */ = {isa = PBXFileReference; lastKnownFileType = sourcecode.swift; path = GameOverViewController.swift; sourceTree = "<group>"; };
		DF2309302946437D0084F1B1 /* Game2048.app */ = {isa = PBXFileReference; explicitFileType = wrapper.application; includeInIndex = 0; path = Game2048.app; sourceTree = BUILT_PRODUCTS_DIR; };
		DF2309332946437D0084F1B1 /* AppDelegate.swift */ = {isa = PBXFileReference; lastKnownFileType = sourcecode.swift; path = AppDelegate.swift; sourceTree = "<group>"; };
		DF2309352946437D0084F1B1 /* SceneDelegate.swift */ = {isa = PBXFileReference; lastKnownFileType = sourcecode.swift; path = SceneDelegate.swift; sourceTree = "<group>"; };
		DF23093A2946437D0084F1B1 /* Base */ = {isa = PBXFileReference; lastKnownFileType = file.storyboard; name = Base; path = Base.lproj/Main.storyboard; sourceTree = "<group>"; };
		DF23093C2946437D0084F1B1 /* Assets.xcassets */ = {isa = PBXFileReference; lastKnownFileType = folder.assetcatalog; path = Assets.xcassets; sourceTree = "<group>"; };
		DF23093F2946437D0084F1B1 /* Base */ = {isa = PBXFileReference; lastKnownFileType = file.storyboard; name = Base; path = Base.lproj/LaunchScreen.storyboard; sourceTree = "<group>"; };
		DF2309412946437D0084F1B1 /* Info.plist */ = {isa = PBXFileReference; lastKnownFileType = text.plist.xml; path = Info.plist; sourceTree = "<group>"; };
		DF23094B294663B40084F1B1 /* BoardController.swift */ = {isa = PBXFileReference; lastKnownFileType = sourcecode.swift; path = BoardController.swift; sourceTree = "<group>"; };
		DF23094D29466BDE0084F1B1 /* Field.swift */ = {isa = PBXFileReference; lastKnownFileType = sourcecode.swift; path = Field.swift; sourceTree = "<group>"; };
		DF2309542946712F0084F1B1 /* Game.swift */ = {isa = PBXFileReference; lastKnownFileType = sourcecode.swift; path = Game.swift; sourceTree = "<group>"; };
		DF2309562946760C0084F1B1 /* Position.swift */ = {isa = PBXFileReference; lastKnownFileType = sourcecode.swift; path = Position.swift; sourceTree = "<group>"; };
		DF2309592947A1D30084F1B1 /* SquareBoard.swift */ = {isa = PBXFileReference; lastKnownFileType = sourcecode.swift; path = SquareBoard.swift; sourceTree = "<group>"; };
		DF23095D2947A9F20084F1B1 /* Game2048Board.swift */ = {isa = PBXFileReference; lastKnownFileType = sourcecode.swift; path = Game2048Board.swift; sourceTree = "<group>"; };
		DF23095F294A2C8D0084F1B1 /* Direction.swift */ = {isa = PBXFileReference; lastKnownFileType = sourcecode.swift; path = Direction.swift; sourceTree = "<group>"; };
		DF230961294F71170084F1B1 /* GameError.swift */ = {isa = PBXFileReference; lastKnownFileType = sourcecode.swift; path = GameError.swift; sourceTree = "<group>"; };
/* End PBXFileReference section */

/* Begin PBXFrameworksBuildPhase section */
		DF23092D2946437D0084F1B1 /* Frameworks */ = {
			isa = PBXFrameworksBuildPhase;
			buildActionMask = 2147483647;
			files = (
			);
			runOnlyForDeploymentPostprocessing = 0;
		};
/* End PBXFrameworksBuildPhase section */

/* Begin PBXGroup section */
		DF2309272946437D0084F1B1 = {
			isa = PBXGroup;
			children = (
				DF2309322946437D0084F1B1 /* Game2048 */,
				DF2309312946437D0084F1B1 /* Products */,
			);
			sourceTree = "<group>";
		};
		DF2309312946437D0084F1B1 /* Products */ = {
			isa = PBXGroup;
			children = (
				DF2309302946437D0084F1B1 /* Game2048.app */,
			);
			name = Products;
			sourceTree = "<group>";
		};
		DF2309322946437D0084F1B1 /* Game2048 */ = {
			isa = PBXGroup;
			children = (
				DF46A0DD295A099200E4165A /* controller */,
				DF2309582947A1A30084F1B1 /* interfaces */,
				DF23095129466C6E0084F1B1 /* model */,
				DF23095029466C590084F1B1 /* enums */,
				DF2309332946437D0084F1B1 /* AppDelegate.swift */,
				DF2309352946437D0084F1B1 /* SceneDelegate.swift */,
				DF2309392946437D0084F1B1 /* Main.storyboard */,
				DF23093C2946437D0084F1B1 /* Assets.xcassets */,
				DF23093E2946437D0084F1B1 /* LaunchScreen.storyboard */,
				DF2309412946437D0084F1B1 /* Info.plist */,
			);
			path = Game2048;
			sourceTree = "<group>";
		};
		DF23095029466C590084F1B1 /* enums */ = {
			isa = PBXGroup;
			children = (
				DF23095F294A2C8D0084F1B1 /* Direction.swift */,
				DF230961294F71170084F1B1 /* GameError.swift */,
			);
			path = enums;
			sourceTree = "<group>";
		};
		DF23095129466C6E0084F1B1 /* model */ = {
			isa = PBXGroup;
			children = (
				DF2309542946712F0084F1B1 /* Game.swift */,
				DF23094D29466BDE0084F1B1 /* Field.swift */,
				DF2309562946760C0084F1B1 /* Position.swift */,
				DF23095D2947A9F20084F1B1 /* Game2048Board.swift */,
			);
			path = model;
			sourceTree = "<group>";
		};
		DF2309582947A1A30084F1B1 /* interfaces */ = {
			isa = PBXGroup;
			children = (
				DF2309592947A1D30084F1B1 /* SquareBoard.swift */,
			);
			path = interfaces;
			sourceTree = "<group>";
		};
		DF46A0DD295A099200E4165A /* controller */ = {
			isa = PBXGroup;
			children = (
				DF23094B294663B40084F1B1 /* BoardController.swift */,
				DF0F6D8129523721006365A3 /* GameOverViewController.swift */,
			);
			path = controller;
			sourceTree = "<group>";
		};
/* End PBXGroup section */

/* Begin PBXNativeTarget section */
		DF23092F2946437D0084F1B1 /* Game2048 */ = {
			isa = PBXNativeTarget;
			buildConfigurationList = DF2309442946437D0084F1B1 /* Build configuration list for PBXNativeTarget "Game2048" */;
			buildPhases = (
				DF23092C2946437D0084F1B1 /* Sources */,
				DF23092D2946437D0084F1B1 /* Frameworks */,
				DF23092E2946437D0084F1B1 /* Resources */,
			);
			buildRules = (
			);
			dependencies = (
			);
			name = Game2048;
			productName = Game2048;
			productReference = DF2309302946437D0084F1B1 /* Game2048.app */;
			productType = "com.apple.product-type.application";
		};
/* End PBXNativeTarget section */

/* Begin PBXProject section */
		DF2309282946437D0084F1B1 /* Project object */ = {
			isa = PBXProject;
			attributes = {
				BuildIndependentTargetsInParallel = 1;
				LastSwiftUpdateCheck = 1410;
				LastUpgradeCheck = 1410;
				TargetAttributes = {
					DF23092F2946437D0084F1B1 = {
						CreatedOnToolsVersion = 14.1;
					};
				};
			};
			buildConfigurationList = DF23092B2946437D0084F1B1 /* Build configuration list for PBXProject "Game2048" */;
			compatibilityVersion = "Xcode 14.0";
			developmentRegion = en;
			hasScannedForEncodings = 0;
			knownRegions = (
				en,
				Base,
			);
			mainGroup = DF2309272946437D0084F1B1;
			productRefGroup = DF2309312946437D0084F1B1 /* Products */;
			projectDirPath = "";
			projectRoot = "";
			targets = (
				DF23092F2946437D0084F1B1 /* Game2048 */,
			);
		};
/* End PBXProject section */

/* Begin PBXResourcesBuildPhase section */
		DF23092E2946437D0084F1B1 /* Resources */ = {
			isa = PBXResourcesBuildPhase;
			buildActionMask = 2147483647;
			files = (
				DF2309402946437D0084F1B1 /* LaunchScreen.storyboard in Resources */,
				DF23093D2946437D0084F1B1 /* Assets.xcassets in Resources */,
				DF23093B2946437D0084F1B1 /* Main.storyboard in Resources */,
			);
			runOnlyForDeploymentPostprocessing = 0;
		};
/* End PBXResourcesBuildPhase section */

/* Begin PBXSourcesBuildPhase section */
		DF23092C2946437D0084F1B1 /* Sources */ = {
			isa = PBXSourcesBuildPhase;
			buildActionMask = 2147483647;
			files = (
				DF230962294F71170084F1B1 /* GameError.swift in Sources */,
				DF2309572946760C0084F1B1 /* Position.swift in Sources */,
				DF23094C294663B40084F1B1 /* BoardController.swift in Sources */,
				DF2309552946712F0084F1B1 /* Game.swift in Sources */,
				DF230960294A2C8D0084F1B1 /* Direction.swift in Sources */,
				DF23095E2947A9F20084F1B1 /* Game2048Board.swift in Sources */,
				DF2309342946437D0084F1B1 /* AppDelegate.swift in Sources */,
				DF0F6D8229523721006365A3 /* GameOverViewController.swift in Sources */,
				DF23095A2947A1D30084F1B1 /* SquareBoard.swift in Sources */,
				DF23094E29466BDE0084F1B1 /* Field.swift in Sources */,
				DF2309362946437D0084F1B1 /* SceneDelegate.swift in Sources */,
			);
			runOnlyForDeploymentPostprocessing = 0;
		};
/* End PBXSourcesBuildPhase section */

/* Begin PBXVariantGroup section */
		DF2309392946437D0084F1B1 /* Main.storyboard */ = {
			isa = PBXVariantGroup;
			children = (
				DF23093A2946437D0084F1B1 /* Base */,
			);
			name = Main.storyboard;
			sourceTree = "<group>";
		};
		DF23093E2946437D0084F1B1 /* LaunchScreen.storyboard */ = {
			isa = PBXVariantGroup;
			children = (
				DF23093F2946437D0084F1B1 /* Base */,
			);
			name = LaunchScreen.storyboard;
			sourceTree = "<group>";
		};
/* End PBXVariantGroup section */

/* Begin XCBuildConfiguration section */
		DF2309422946437D0084F1B1 /* Debug */ = {
			isa = XCBuildConfiguration;
			buildSettings = {
				ALWAYS_SEARCH_USER_PATHS = NO;
				CLANG_ANALYZER_NONNULL = YES;
				CLANG_ANALYZER_NUMBER_OBJECT_CONVERSION = YES_AGGRESSIVE;
				CLANG_CXX_LANGUAGE_STANDARD = "gnu++20";
				CLANG_ENABLE_MODULES = YES;
				CLANG_ENABLE_OBJC_ARC = YES;
				CLANG_ENABLE_OBJC_WEAK = YES;
				CLANG_WARN_BLOCK_CAPTURE_AUTORELEASING = YES;
				CLANG_WARN_BOOL_CONVERSION = YES;
				CLANG_WARN_COMMA = YES;
				CLANG_WARN_CONSTANT_CONVERSION = YES;
				CLANG_WARN_DEPRECATED_OBJC_IMPLEMENTATIONS = YES;
				CLANG_WARN_DIRECT_OBJC_ISA_USAGE = YES_ERROR;
				CLANG_WARN_DOCUMENTATION_COMMENTS = YES;
				CLANG_WARN_EMPTY_BODY = YES;
				CLANG_WARN_ENUM_CONVERSION = YES;
				CLANG_WARN_INFINITE_RECURSION = YES;
				CLANG_WARN_INT_CONVERSION = YES;
				CLANG_WARN_NON_LITERAL_NULL_CONVERSION = YES;
				CLANG_WARN_OBJC_IMPLICIT_RETAIN_SELF = YES;
				CLANG_WARN_OBJC_LITERAL_CONVERSION = YES;
				CLANG_WARN_OBJC_ROOT_CLASS = YES_ERROR;
				CLANG_WARN_QUOTED_INCLUDE_IN_FRAMEWORK_HEADER = YES;
				CLANG_WARN_RANGE_LOOP_ANALYSIS = YES;
				CLANG_WARN_STRICT_PROTOTYPES = YES;
				CLANG_WARN_SUSPICIOUS_MOVE = YES;
				CLANG_WARN_UNGUARDED_AVAILABILITY = YES_AGGRESSIVE;
				CLANG_WARN_UNREACHABLE_CODE = YES;
				CLANG_WARN__DUPLICATE_METHOD_MATCH = YES;
				COPY_PHASE_STRIP = NO;
				DEBUG_INFORMATION_FORMAT = dwarf;
				ENABLE_STRICT_OBJC_MSGSEND = YES;
				ENABLE_TESTABILITY = YES;
				GCC_C_LANGUAGE_STANDARD = gnu11;
				GCC_DYNAMIC_NO_PIC = NO;
				GCC_NO_COMMON_BLOCKS = YES;
				GCC_OPTIMIZATION_LEVEL = 0;
				GCC_PREPROCESSOR_DEFINITIONS = (
					"DEBUG=1",
					"$(inherited)",
				);
				GCC_WARN_64_TO_32_BIT_CONVERSION = YES;
				GCC_WARN_ABOUT_RETURN_TYPE = YES_ERROR;
				GCC_WARN_UNDECLARED_SELECTOR = YES;
				GCC_WARN_UNINITIALIZED_AUTOS = YES_AGGRESSIVE;
				GCC_WARN_UNUSED_FUNCTION = YES;
				GCC_WARN_UNUSED_VARIABLE = YES;
				IPHONEOS_DEPLOYMENT_TARGET = 16.1;
				MTL_ENABLE_DEBUG_INFO = INCLUDE_SOURCE;
				MTL_FAST_MATH = YES;
				ONLY_ACTIVE_ARCH = YES;
				SDKROOT = iphoneos;
				SWIFT_ACTIVE_COMPILATION_CONDITIONS = DEBUG;
				SWIFT_OPTIMIZATION_LEVEL = "-Onone";
			};
			name = Debug;
		};
		DF2309432946437D0084F1B1 /* Release */ = {
			isa = XCBuildConfiguration;
			buildSettings = {
				ALWAYS_SEARCH_USER_PATHS = NO;
				CLANG_ANALYZER_NONNULL = YES;
				CLANG_ANALYZER_NUMBER_OBJECT_CONVERSION = YES_AGGRESSIVE;
				CLANG_CXX_LANGUAGE_STANDARD = "gnu++20";
				CLANG_ENABLE_MODULES = YES;
				CLANG_ENABLE_OBJC_ARC = YES;
				CLANG_ENABLE_OBJC_WEAK = YES;
				CLANG_WARN_BLOCK_CAPTURE_AUTORELEASING = YES;
				CLANG_WARN_BOOL_CONVERSION = YES;
				CLANG_WARN_COMMA = YES;
				CLANG_WARN_CONSTANT_CONVERSION = YES;
				CLANG_WARN_DEPRECATED_OBJC_IMPLEMENTATIONS = YES;
				CLANG_WARN_DIRECT_OBJC_ISA_USAGE = YES_ERROR;
				CLANG_WARN_DOCUMENTATION_COMMENTS = YES;
				CLANG_WARN_EMPTY_BODY = YES;
				CLANG_WARN_ENUM_CONVERSION = YES;
				CLANG_WARN_INFINITE_RECURSION = YES;
				CLANG_WARN_INT_CONVERSION = YES;
				CLANG_WARN_NON_LITERAL_NULL_CONVERSION = YES;
				CLANG_WARN_OBJC_IMPLICIT_RETAIN_SELF = YES;
				CLANG_WARN_OBJC_LITERAL_CONVERSION = YES;
				CLANG_WARN_OBJC_ROOT_CLASS = YES_ERROR;
				CLANG_WARN_QUOTED_INCLUDE_IN_FRAMEWORK_HEADER = YES;
				CLANG_WARN_RANGE_LOOP_ANALYSIS = YES;
				CLANG_WARN_STRICT_PROTOTYPES = YES;
				CLANG_WARN_SUSPICIOUS_MOVE = YES;
				CLANG_WARN_UNGUARDED_AVAILABILITY = YES_AGGRESSIVE;
				CLANG_WARN_UNREACHABLE_CODE = YES;
				CLANG_WARN__DUPLICATE_METHOD_MATCH = YES;
				COPY_PHASE_STRIP = NO;
				DEBUG_INFORMATION_FORMAT = "dwarf-with-dsym";
				ENABLE_NS_ASSERTIONS = NO;
				ENABLE_STRICT_OBJC_MSGSEND = YES;
				GCC_C_LANGUAGE_STANDARD = gnu11;
				GCC_NO_COMMON_BLOCKS = YES;
				GCC_WARN_64_TO_32_BIT_CONVERSION = YES;
				GCC_WARN_ABOUT_RETURN_TYPE = YES_ERROR;
				GCC_WARN_UNDECLARED_SELECTOR = YES;
				GCC_WARN_UNINITIALIZED_AUTOS = YES_AGGRESSIVE;
				GCC_WARN_UNUSED_FUNCTION = YES;
				GCC_WARN_UNUSED_VARIABLE = YES;
				IPHONEOS_DEPLOYMENT_TARGET = 16.1;
				MTL_ENABLE_DEBUG_INFO = NO;
				MTL_FAST_MATH = YES;
				SDKROOT = iphoneos;
				SWIFT_COMPILATION_MODE = wholemodule;
				SWIFT_OPTIMIZATION_LEVEL = "-O";
				VALIDATE_PRODUCT = YES;
			};
			name = Release;
		};
		DF2309452946437D0084F1B1 /* Debug */ = {
			isa = XCBuildConfiguration;
			buildSettings = {
				ASSETCATALOG_COMPILER_APPICON_NAME = AppIcon;
				ASSETCATALOG_COMPILER_GLOBAL_ACCENT_COLOR_NAME = AccentColor;
				CODE_SIGN_STYLE = Automatic;
				CURRENT_PROJECT_VERSION = 1;
				GENERATE_INFOPLIST_FILE = YES;
				INFOPLIST_FILE = Game2048/Info.plist;
				INFOPLIST_KEY_UIApplicationSupportsIndirectInputEvents = YES;
				INFOPLIST_KEY_UILaunchStoryboardName = LaunchScreen;
				INFOPLIST_KEY_UIMainStoryboardFile = Main;
				INFOPLIST_KEY_UISupportedInterfaceOrientations = UIInterfaceOrientationPortrait;
				LD_RUNPATH_SEARCH_PATHS = (
					"$(inherited)",
					"@executable_path/Frameworks",
				);
				MARKETING_VERSION = 1.0;
				PRODUCT_BUNDLE_IDENTIFIER = ru.looktme.Game2048;
				PRODUCT_NAME = "$(TARGET_NAME)";
				SWIFT_EMIT_LOC_STRINGS = YES;
				SWIFT_VERSION = 5.0;
				TARGETED_DEVICE_FAMILY = "1,2";
			};
			name = Debug;
		};
		DF2309462946437D0084F1B1 /* Release */ = {
			isa = XCBuildConfiguration;
			buildSettings = {
				ASSETCATALOG_COMPILER_APPICON_NAME = AppIcon;
				ASSETCATALOG_COMPILER_GLOBAL_ACCENT_COLOR_NAME = AccentColor;
				CODE_SIGN_STYLE = Automatic;
				CURRENT_PROJECT_VERSION = 1;
				GENERATE_INFOPLIST_FILE = YES;
				INFOPLIST_FILE = Game2048/Info.plist;
				INFOPLIST_KEY_UIApplicationSupportsIndirectInputEvents = YES;
				INFOPLIST_KEY_UILaunchStoryboardName = LaunchScreen;
				INFOPLIST_KEY_UIMainStoryboardFile = Main;
				INFOPLIST_KEY_UISupportedInterfaceOrientations = UIInterfaceOrientationPortrait;
				LD_RUNPATH_SEARCH_PATHS = (
					"$(inherited)",
					"@executable_path/Frameworks",
				);
				MARKETING_VERSION = 1.0;
				PRODUCT_BUNDLE_IDENTIFIER = ru.looktme.Game2048;
				PRODUCT_NAME = "$(TARGET_NAME)";
				SWIFT_EMIT_LOC_STRINGS = YES;
				SWIFT_VERSION = 5.0;
				TARGETED_DEVICE_FAMILY = "1,2";
			};
			name = Release;
		};
/* End XCBuildConfiguration section */

/* Begin XCConfigurationList section */
		DF23092B2946437D0084F1B1 /* Build configuration list for PBXProject "Game2048" */ = {
			isa = XCConfigurationList;
			buildConfigurations = (
				DF2309422946437D0084F1B1 /* Debug */,
				DF2309432946437D0084F1B1 /* Release */,
			);
			defaultConfigurationIsVisible = 0;
			defaultConfigurationName = Release;
		};
		DF2309442946437D0084F1B1 /* Build configuration list for PBXNativeTarget "Game2048" */ = {
			isa = XCConfigurationList;
			buildConfigurations = (
				DF2309452946437D0084F1B1 /* Debug */,
				DF2309462946437D0084F1B1 /* Release */,
			);
			defaultConfigurationIsVisible = 0;
			defaultConfigurationName = Release;
		};
/* End XCConfigurationList section */
	};
	rootObject = DF2309282946437D0084F1B1 /* Project object */;
}
